{
  "nodes": {
    "flake-utils": {
      "locked": {
        "lastModified": 1648297722,
        "narHash": "sha256-W+qlPsiZd8F3XkzXOzAoR+mpFqzm3ekQkJNa+PIh1BQ=",
        "owner": "numtide",
        "repo": "flake-utils",
        "rev": "0f8662f1319ad6abf89b3380dd2722369fc51ade",
        "type": "github"
      },
      "original": {
        "owner": "numtide",
        "repo": "flake-utils",
        "type": "github"
      }
    },
    "nixpkgs": {
      "locked": {
        "lastModified": 1649497218,
        "narHash": "sha256-groqC9m1P4hpnL6jQvZ3C8NEtduhdkvwGT0+0LUrcYw=",
        "owner": "nixos",
        "repo": "nixpkgs",
        "rev": "fd364d268852561223a5ada15caad669fd72800e",
        "type": "github"
      },
      "original": {
        "owner": "nixos",
        "ref": "nixos-unstable",
        "repo": "nixpkgs",
        "type": "github"
      }
    },
    "ocaml-overlay": {
      "inputs": {
        "flake-utils": [
          "flake-utils"
        ]
      },
      "locked": {
        "lastModified": 1649660061,
        "narHash": "sha256-6L9+ARSfhJdgRKasOtltwQZHOvsQDDqYB+FpyvWlCno=",
        "owner": "anmonteiro",
        "repo": "nix-overlays",
        "rev": "06bd09c55d051696072d6329e2b02bc377ce618f",
        "type": "github"
      },
      "original": {
        "owner": "anmonteiro",
        "ref": "auto-update-sources-2140478561",
        "repo": "nix-overlays",
        "type": "github"
      }
    },
    "root": {
      "inputs": {
        "flake-utils": "flake-utils",
        "nixpkgs": "nixpkgs",
        "ocaml-overlay": "ocaml-overlay"
      }
    }
  },
  "root": "root",
  "version": 7
}
